// !$*UTF8*$!
{
	archiveVersion = 1;
	classes = {
	};
	objectVersion = 46;
	objects = {

/* Begin PBXBuildFile section */
		8CF888CE1C44F13E00A8FC1D /* AppDelegate.swift in Sources */ = {isa = PBXBuildFile; fileRef = 8CF888CD1C44F13E00A8FC1D /* AppDelegate.swift */; };
		8CF888D01C44F13E00A8FC1D /* ViewController.swift in Sources */ = {isa = PBXBuildFile; fileRef = 8CF888CF1C44F13E00A8FC1D /* ViewController.swift */; };
		8CF888D31C44F13E00A8FC1D /* Main.storyboard in Resources */ = {isa = PBXBuildFile; fileRef = 8CF888D11C44F13E00A8FC1D /* Main.storyboard */; };
		8CF888D51C44F13E00A8FC1D /* Assets.xcassets in Resources */ = {isa = PBXBuildFile; fileRef = 8CF888D41C44F13E00A8FC1D /* Assets.xcassets */; };
		8CF888D81C44F13E00A8FC1D /* LaunchScreen.storyboard in Resources */ = {isa = PBXBuildFile; fileRef = 8CF888D61C44F13E00A8FC1D /* LaunchScreen.storyboard */; };
/* End PBXBuildFile section */

/* Begin PBXFileReference section */
		8CF888CA1C44F13E00A8FC1D /* Gym_iOS.app */ = {isa = PBXFileReference; explicitFileType = wrapper.application; includeInIndex = 0; path = Gym_iOS.app; sourceTree = BUILT_PRODUCTS_DIR; };
		8CF888CD1C44F13E00A8FC1D /* AppDelegate.swift */ = {isa = PBXFileReference; lastKnownFileType = sourcecode.swift; path = AppDelegate.swift; sourceTree = "<group>"; };
		8CF888CF1C44F13E00A8FC1D /* ViewController.swift */ = {isa = PBXFileReference; lastKnownFileType = sourcecode.swift; path = ViewController.swift; sourceTree = "<group>"; };
		8CF888D21C44F13E00A8FC1D /* Base */ = {isa = PBXFileReference; lastKnownFileType = file.storyboard; name = Base; path = Base.lproj/Main.storyboard; sourceTree = "<group>"; };
		8CF888D41C44F13E00A8FC1D /* Assets.xcassets */ = {isa = PBXFileReference; lastKnownFileType = folder.assetcatalog; path = Assets.xcassets; sourceTree = "<group>"; };
		8CF888D71C44F13E00A8FC1D /* Base */ = {isa = PBXFileReference; lastKnownFileType = file.storyboard; name = Base; path = Base.lproj/LaunchScreen.storyboard; sourceTree = "<group>"; };
		8CF888D91C44F13E00A8FC1D /* Info.plist */ = {isa = PBXFileReference; lastKnownFileType = text.plist.xml; path = Info.plist; sourceTree = "<group>"; };
/* End PBXFileReference section */

/* Begin PBXFrameworksBuildPhase section */
		8CF888C71C44F13E00A8FC1D /* Frameworks */ = {
			isa = PBXFrameworksBuildPhase;
			buildActionMask = 2147483647;
			files = (
			);
			runOnlyForDeploymentPostprocessing = 0;
		};
/* End PBXFrameworksBuildPhase section */

/* Begin PBXGroup section */
		8CF888C11C44F13E00A8FC1D = {
			isa = PBXGroup;
			children = (
				8CF888CC1C44F13E00A8FC1D /* Gym_iOS */,
				8CF888CB1C44F13E00A8FC1D /* Products */,
			);
			sourceTree = "<group>";
		};
		8CF888CB1C44F13E00A8FC1D /* Products */ = {
			isa = PBXGroup;
			children = (
				8CF888CA1C44F13E00A8FC1D /* Gym_iOS.app */,
			);
			name = Products;
			sourceTree = "<group>";
		};
		8CF888CC1C44F13E00A8FC1D /* Gym_iOS */ = {
			isa = PBXGroup;
			children = (
				8CF888CD1C44F13E00A8FC1D /* AppDelegate.swift */,
				8CF888CF1C44F13E00A8FC1D /* ViewController.swift */,
				8CF888D11C44F13E00A8FC1D /* Main.storyboard */,
				8CF888D41C44F13E00A8FC1D /* Assets.xcassets */,
				8CF888D61C44F13E00A8FC1D /* LaunchScreen.storyboard */,
				8CF888D91C44F13E00A8FC1D /* Info.plist */,
			);
			path = Gym_iOS;
			sourceTree = "<group>";
		};
/* End PBXGroup section */

/* Begin PBXNativeTarget section */
		8CF888C91C44F13E00A8FC1D /* Gym_iOS */ = {
			isa = PBXNativeTarget;
			buildConfigurationList = 8CF888DC1C44F13E00A8FC1D /* Build configuration list for PBXNativeTarget "Gym_iOS" */;
			buildPhases = (
				8CF888C61C44F13E00A8FC1D /* Sources */,
				8CF888C71C44F13E00A8FC1D /* Frameworks */,
				8CF888C81C44F13E00A8FC1D /* Resources */,
			);
			buildRules = (
			);
			dependencies = (
			);
			name = Gym_iOS;
			productName = Gym_iOS;
			productReference = 8CF888CA1C44F13E00A8FC1D /* Gym_iOS.app */;
			productType = "com.apple.product-type.application";
		};
/* End PBXNativeTarget section */

/* Begin PBXProject section */
		8CF888C21C44F13E00A8FC1D /* Project object */ = {
			isa = PBXProject;
			attributes = {
				LastSwiftUpdateCheck = 0720;
				LastUpgradeCheck = 0720;
				ORGANIZATIONNAME = sun;
				TargetAttributes = {
					8CF888C91C44F13E00A8FC1D = {
						CreatedOnToolsVersion = 7.2;
					};
				};
			};
			buildConfigurationList = 8CF888C51C44F13E00A8FC1D /* Build configuration list for PBXProject "Gym_iOS" */;
			compatibilityVersion = "Xcode 3.2";
			developmentRegion = English;
			hasScannedForEncodings = 0;
			knownRegions = (
				en,
				Base,
			);
			mainGroup = 8CF888C11C44F13E00A8FC1D;
			productRefGroup = 8CF888CB1C44F13E00A8FC1D /* Products */;
			projectDirPath = "";
			projectRoot = "";
			targets = (
				8CF888C91C44F13E00A8FC1D /* Gym_iOS */,
			);
		};
/* End PBXProject section */

/* Begin PBXResourcesBuildPhase section */
		8CF888C81C44F13E00A8FC1D /* Resources */ = {
			isa = PBXResourcesBuildPhase;
			buildActionMask = 2147483647;
			files = (
				8CF888D81C44F13E00A8FC1D /* LaunchScreen.storyboard in Resources */,
				8CF888D51C44F13E00A8FC1D /* Assets.xcassets in Resources */,
				8CF888D31C44F13E00A8FC1D /* Main.storyboard in Resources */,
			);
			runOnlyForDeploymentPostprocessing = 0;
		};
/* End PBXResourcesBuildPhase section */

/* Begin PBXSourcesBuildPhase section */
		8CF888C61C44F13E00A8FC1D /* Sources */ = {
			isa = PBXSourcesBuildPhase;
			buildActionMask = 2147483647;
			files = (
				8CF888D01C44F13E00A8FC1D /* ViewController.swift in Sources */,
				8CF888CE1C44F13E00A8FC1D /* AppDelegate.swift in Sources */,
			);
			runOnlyForDeploymentPostprocessing = 0;
		};
/* End PBXSourcesBuildPhase section */

/* Begin PBXVariantGroup section */
		8CF888D11C44F13E00A8FC1D /* Main.storyboard */ = {
			isa = PBXVariantGroup;
			children = (
				8CF888D21C44F13E00A8FC1D /* Base */,
			);
			name = Main.storyboard;
			sourceTree = "<group>";
		};
		8CF888D61C44F13E00A8FC1D /* LaunchScreen.storyboard */ = {
			isa = PBXVariantGroup;
			children = (
				8CF888D71C44F13E00A8FC1D /* Base */,
			);
			name = LaunchScreen.storyboard;
			sourceTree = "<group>";
		};
/* End PBXVariantGroup section */

/* Begin XCBuildConfiguration section */
		8CF888DA1C44F13E00A8FC1D /* Debug */ = {
			isa = XCBuildConfiguration;
			buildSettings = {
				ALWAYS_SEARCH_USER_PATHS = NO;
				CLANG_CXX_LANGUAGE_STANDARD = "gnu++0x";
				CLANG_CXX_LIBRARY = "libc++";
				CLANG_ENABLE_MODULES = YES;
				CLANG_ENABLE_OBJC_ARC = YES;
				CLANG_WARN_BOOL_CONVERSION = YES;
				CLANG_WARN_CONSTANT_CONVERSION = YES;
				CLANG_WARN_DIRECT_OBJC_ISA_USAGE = YES_ERROR;
				CLANG_WARN_EMPTY_BODY = YES;
				CLANG_WARN_ENUM_CONVERSION = YES;
				CLANG_WARN_INT_CONVERSION = YES;
				CLANG_WARN_OBJC_ROOT_CLASS = YES_ERROR;
				CLANG_WARN_UNREACHABLE_CODE = YES;
				CLANG_WARN__DUPLICATE_METHOD_MATCH = YES;
				"CODE_SIGN_IDENTITY[sdk=iphoneos*]" = "iPhone Developer";
				COPY_PHASE_STRIP = NO;
				DEBUG_INFORMATION_FORMAT = dwarf;
				ENABLE_STRICT_OBJC_MSGSEND = YES;
				ENABLE_TESTABILITY = YES;
				GCC_C_LANGUAGE_STANDARD = gnu99;
				GCC_DYNAMIC_NO_PIC = NO;
				GCC_NO_COMMON_BLOCKS = YES;
				GCC_OPTIMIZATION_LEVEL = 0;
				GCC_PREPROCESSOR_DEFINITIONS = (
					"DEBUG=1",
					"$(inherited)",
				);
				GCC_WARN_64_TO_32_BIT_CONVERSION = YES;
				GCC_WARN_ABOUT_RETURN_TYPE = YES_ERROR;
				GCC_WARN_UNDECLARED_SELECTOR = YES;
				GCC_WARN_UNINITIALIZED_AUTOS = YES_AGGRESSIVE;
				GCC_WARN_UNUSED_FUNCTION = YES;
				GCC_WARN_UNUSED_VARIABLE = YES;
				IPHONEOS_DEPLOYMENT_TARGET = 9.2;
				MTL_ENABLE_DEBUG_INFO = YES;
				ONLY_ACTIVE_ARCH = YES;
				SDKROOT = iphoneos;
				SWIFT_OPTIMIZATION_LEVEL = "-Onone";
			};
			name = Debug;
		};
		8CF888DB1C44F13E00A8FC1D /* Release */ = {
			isa = XCBuildConfiguration;
			buildSettings = {
				ALWAYS_SEARCH_USER_PATHS = NO;
				CLANG_CXX_LANGUAGE_STANDARD = "gnu++0x";
				CLANG_CXX_LIBRARY = "libc++";
				CLANG_ENABLE_MODULES = YES;
				CLANG_ENABLE_OBJC_ARC = YES;
				CLANG_WARN_BOOL_CONVERSION = YES;
				CLANG_WARN_CONSTANT_CONVERSION = YES;
				CLANG_WARN_DIRECT_OBJC_ISA_USAGE = YES_ERROR;
				CLANG_WARN_EMPTY_BODY = YES;
				CLANG_WARN_ENUM_CONVERSION = YES;
				CLANG_WARN_INT_CONVERSION = YES;
				CLANG_WARN_OBJC_ROOT_CLASS = YES_ERROR;
				CLANG_WARN_UNREACHABLE_CODE = YES;
				CLANG_WARN__DUPLICATE_METHOD_MATCH = YES;
				"CODE_SIGN_IDENTITY[sdk=iphoneos*]" = "iPhone Developer";
				COPY_PHASE_STRIP = NO;
				DEBUG_INFORMATION_FORMAT = "dwarf-with-dsym";
				ENABLE_NS_ASSERTIONS = NO;
				ENABLE_STRICT_OBJC_MSGSEND = YES;
				GCC_C_LANGUAGE_STANDARD = gnu99;
				GCC_NO_COMMON_BLOCKS = YES;
				GCC_WARN_64_TO_32_BIT_CONVERSION = YES;
				GCC_WARN_ABOUT_RETURN_TYPE = YES_ERROR;
				GCC_WARN_UNDECLARED_SELECTOR = YES;
				GCC_WARN_UNINITIALIZED_AUTOS = YES_AGGRESSIVE;
				GCC_WARN_UNUSED_FUNCTION = YES;
				GCC_WARN_UNUSED_VARIABLE = YES;
				IPHONEOS_DEPLOYMENT_TARGET = 9.2;
				MTL_ENABLE_DEBUG_INFO = NO;
				SDKROOT = iphoneos;
				VALIDATE_PRODUCT = YES;
			};
			name = Release;
		};
		8CF888DD1C44F13E00A8FC1D /* Debug */ = {
			isa = XCBuildConfiguration;
			buildSettings = {
				ASSETCATALOG_COMPILER_APPICON_NAME = AppIcon;
				INFOPLIST_FILE = Gym_iOS/Info.plist;
				LD_RUNPATH_SEARCH_PATHS = "$(inherited) @executable_path/Frameworks";
				PRODUCT_BUNDLE_IDENTIFIER = "com.woowahan.Gym-iOS";
				PRODUCT_NAME = "$(TARGET_NAME)";
			};
			name = Debug;
		};
		8CF888DE1C44F13E00A8FC1D /* Release */ = {
			isa = XCBuildConfiguration;
			buildSettings = {
				ASSETCATALOG_COMPILER_APPICON_NAME = AppIcon;
				INFOPLIST_FILE = Gym_iOS/Info.plist;
				LD_RUNPATH_SEARCH_PATHS = "$(inherited) @executable_path/Frameworks";
				PRODUCT_BUNDLE_IDENTIFIER = "com.woowahan.Gym-iOS";
				PRODUCT_NAME = "$(TARGET_NAME)";
			};
			name = Release;
		};
/* End XCBuildConfiguration section */

/* Begin XCConfigurationList section */
		8CF888C51C44F13E00A8FC1D /* Build configuration list for PBXProject "Gym_iOS" */ = {
			isa = XCConfigurationList;
			buildConfigurations = (
				8CF888DA1C44F13E00A8FC1D /* Debug */,
				8CF888DB1C44F13E00A8FC1D /* Release */,
			);
			defaultConfigurationIsVisible = 0;
			defaultConfigurationName = Release;
		};
		8CF888DC1C44F13E00A8FC1D /* Build configuration list for PBXNativeTarget "Gym_iOS" */ = {
			isa = XCConfigurationList;
			buildConfigurations = (
				8CF888DD1C44F13E00A8FC1D /* Debug */,
				8CF888DE1C44F13E00A8FC1D /* Release */,
			);
			defaultConfigurationIsVisible = 0;
		};
/* End XCConfigurationList section */
	};
	rootObject = 8CF888C21C44F13E00A8FC1D /* Project object */;
}
